
Microsoft Visual Studio Solution File, Format Version 12.00
# Visual Studio Version 16
VisualStudioVersion = 16.0.30611.23
MinimumVisualStudioVersion = 10.0.40219.1
Project("{FAE04EC0-301F-11D3-BF4B-00C04F79EFBC}") = "MathProj", "MathProj\MathProj.csproj", "{79953581-E7F9-4C24-817C-9261A8B0CA15}"
EndProject
Global
	GlobalSection(SolutionConfigurationPlatforms) = preSolution
		Debug|Any CPU = Debug|Any CPU
		Release|Any CPU = Release|Any CPU
	EndGlobalSection
	GlobalSection(ProjectConfigurationPlatforms) = postSolution
		{79953581-E7F9-4C24-817C-9261A8B0CA15}.Debug|Any CPU.ActiveCfg = Debug|Any CPU
		{79953581-E7F9-4C24-817C-9261A8B0CA15}.Debug|Any CPU.Build.0 = Debug|Any CPU
		{79953581-E7F9-4C24-817C-9261A8B0CA15}.Release|Any CPU.ActiveCfg = Release|Any CPU
		{79953581-E7F9-4C24-817C-9261A8B0CA15}.Release|Any CPU.Build.0 = Release|Any CPU
	EndGlobalSection
	GlobalSection(SolutionProperties) = preSolution
		HideSolutionNode = FALSE
	EndGlobalSection
	GlobalSection(ExtensibilityGlobals) = postSolution
		SolutionGuid = {98334D07-6079-404B-A3CE-330A098CC166}
	EndGlobalSection
EndGlobal
